
Microsoft Visual Studio Solution File, Format Version 12.00
# Visual Studio Version 18
VisualStudioVersion = 18.5.11801.241 oobstable
MinimumVisualStudioVersion = 10.0.40219.1
Project("{FAE04EC0-301F-11D3-BF4B-00C04F79EFBC}") = "0922", "Modulo1\0922.csproj", "{1778222D-A03F-49BC-AA75-6B2ED680FFD2}"
EndProject
Global
	GlobalSection(SolutionConfigurationPlatforms) = preSolution
		Debug|Any CPU = Debug|Any CPU
		Release|Any CPU = Release|Any CPU
	EndGlobalSection
	GlobalSection(ProjectConfigurationPlatforms) = postSolution
		{1778222D-A03F-49BC-AA75-6B2ED680FFD2}.Debug|Any CPU.ActiveCfg = Debug|Any CPU
		{1778222D-A03F-49BC-AA75-6B2ED680FFD2}.Debug|Any CPU.Build.0 = Debug|Any CPU
		{1778222D-A03F-49BC-AA75-6B2ED680FFD2}.Release|Any CPU.ActiveCfg = Release|Any CPU
		{1778222D-A03F-49BC-AA75-6B2ED680FFD2}.Release|Any CPU.Build.0 = Release|Any CPU
	EndGlobalSection
	GlobalSection(SolutionProperties) = preSolution
		HideSolutionNode = FALSE
	EndGlobalSection
	GlobalSection(ExtensibilityGlobals) = postSolution
		SolutionGuid = {B28F3DDD-2400-4028-A538-08CD7C94C4D3}
	EndGlobalSection
EndGlobal
