
Microsoft Visual Studio Solution File, Format Version 12.00
# Visual Studio Version 17
VisualStudioVersion = 17.7.34221.43
MinimumVisualStudioVersion = 10.0.40219.1
Project("{FAE04EC0-301F-11D3-BF4B-00C04F79EFBC}") = "034-es9p84", "034-es9p84\034-es9p84.csproj", "{570D5B0B-E413-4D97-86DF-09A184FB4E2B}"
EndProject
Global
	GlobalSection(SolutionConfigurationPlatforms) = preSolution
		Debug|Any CPU = Debug|Any CPU
		Release|Any CPU = Release|Any CPU
	EndGlobalSection
	GlobalSection(ProjectConfigurationPlatforms) = postSolution
		{570D5B0B-E413-4D97-86DF-09A184FB4E2B}.Debug|Any CPU.ActiveCfg = Debug|Any CPU
		{570D5B0B-E413-4D97-86DF-09A184FB4E2B}.Debug|Any CPU.Build.0 = Debug|Any CPU
		{570D5B0B-E413-4D97-86DF-09A184FB4E2B}.Release|Any CPU.ActiveCfg = Release|Any CPU
		{570D5B0B-E413-4D97-86DF-09A184FB4E2B}.Release|Any CPU.Build.0 = Release|Any CPU
	EndGlobalSection
	GlobalSection(SolutionProperties) = preSolution
		HideSolutionNode = FALSE
	EndGlobalSection
	GlobalSection(ExtensibilityGlobals) = postSolution
		SolutionGuid = {C79E019D-34E7-4162-9DA6-B708C034B4BA}
	EndGlobalSection
EndGlobal
