
Microsoft Visual Studio Solution File, Format Version 12.00
# Visual Studio Version 17
VisualStudioVersion = 17.7.34221.43
MinimumVisualStudioVersion = 10.0.40219.1
Project("{FAE04EC0-301F-11D3-BF4B-00C04F79EFBC}") = "03-Parcheggio", "03-Parcheggio\03-Parcheggio.csproj", "{08F5A6D2-DAE5-48EF-9828-FBC42B26A394}"
EndProject
Global
	GlobalSection(SolutionConfigurationPlatforms) = preSolution
		Debug|Any CPU = Debug|Any CPU
		Release|Any CPU = Release|Any CPU
	EndGlobalSection
	GlobalSection(ProjectConfigurationPlatforms) = postSolution
		{08F5A6D2-DAE5-48EF-9828-FBC42B26A394}.Debug|Any CPU.ActiveCfg = Debug|Any CPU
		{08F5A6D2-DAE5-48EF-9828-FBC42B26A394}.Debug|Any CPU.Build.0 = Debug|Any CPU
		{08F5A6D2-DAE5-48EF-9828-FBC42B26A394}.Release|Any CPU.ActiveCfg = Release|Any CPU
		{08F5A6D2-DAE5-48EF-9828-FBC42B26A394}.Release|Any CPU.Build.0 = Release|Any CPU
	EndGlobalSection
	GlobalSection(SolutionProperties) = preSolution
		HideSolutionNode = FALSE
	EndGlobalSection
	GlobalSection(ExtensibilityGlobals) = postSolution
		SolutionGuid = {2C45E248-1AF6-4D60-A1E9-66332D5CAF77}
	EndGlobalSection
EndGlobal
