
Microsoft Visual Studio Solution File, Format Version 12.00
# Visual Studio Version 17
VisualStudioVersion = 17.3.32901.215
MinimumVisualStudioVersion = 10.0.40219.1
Project("{FAE04EC0-301F-11D3-BF4B-00C04F79EFBC}") = "01-BollettaTelefonica", "01-BollettaTelefonica\01-BollettaTelefonica.csproj", "{FEF1730D-94AC-49BB-AAAD-DB9DCB85A872}"
EndProject
Global
	GlobalSection(SolutionConfigurationPlatforms) = preSolution
		Debug|Any CPU = Debug|Any CPU
		Release|Any CPU = Release|Any CPU
	EndGlobalSection
	GlobalSection(ProjectConfigurationPlatforms) = postSolution
		{FEF1730D-94AC-49BB-AAAD-DB9DCB85A872}.Debug|Any CPU.ActiveCfg = Debug|Any CPU
		{FEF1730D-94AC-49BB-AAAD-DB9DCB85A872}.Debug|Any CPU.Build.0 = Debug|Any CPU
		{FEF1730D-94AC-49BB-AAAD-DB9DCB85A872}.Release|Any CPU.ActiveCfg = Release|Any CPU
		{FEF1730D-94AC-49BB-AAAD-DB9DCB85A872}.Release|Any CPU.Build.0 = Release|Any CPU
	EndGlobalSection
	GlobalSection(SolutionProperties) = preSolution
		HideSolutionNode = FALSE
	EndGlobalSection
	GlobalSection(ExtensibilityGlobals) = postSolution
		SolutionGuid = {AFEA6C47-CDE8-43E7-9D8E-CF31E3465D07}
	EndGlobalSection
EndGlobal
