
Microsoft Visual Studio Solution File, Format Version 12.00
# Visual Studio Version 17
VisualStudioVersion = 17.14.36429.23 d17.14
MinimumVisualStudioVersion = 10.0.40219.1
Project("{FAE04EC0-301F-11D3-BF4B-00C04F79EFBC}") = "019-Numeri_Pari", "019-Numeri_Pari\019-Numeri_Pari.csproj", "{76531A47-F4BD-4056-8690-7C6BE64F75B0}"
EndProject
Global
	GlobalSection(SolutionConfigurationPlatforms) = preSolution
		Debug|Any CPU = Debug|Any CPU
		Release|Any CPU = Release|Any CPU
	EndGlobalSection
	GlobalSection(ProjectConfigurationPlatforms) = postSolution
		{76531A47-F4BD-4056-8690-7C6BE64F75B0}.Debug|Any CPU.ActiveCfg = Debug|Any CPU
		{76531A47-F4BD-4056-8690-7C6BE64F75B0}.Debug|Any CPU.Build.0 = Debug|Any CPU
		{76531A47-F4BD-4056-8690-7C6BE64F75B0}.Release|Any CPU.ActiveCfg = Release|Any CPU
		{76531A47-F4BD-4056-8690-7C6BE64F75B0}.Release|Any CPU.Build.0 = Release|Any CPU
	EndGlobalSection
	GlobalSection(SolutionProperties) = preSolution
		HideSolutionNode = FALSE
	EndGlobalSection
	GlobalSection(ExtensibilityGlobals) = postSolution
		SolutionGuid = {4E5973F9-246C-470A-AE2F-D958E9271874}
	EndGlobalSection
EndGlobal
