
Microsoft Visual Studio Solution File, Format Version 12.00
# Visual Studio Version 17
VisualStudioVersion = 17.14.36616.10 d17.14
MinimumVisualStudioVersion = 10.0.40219.1
Project("{FAE04EC0-301F-11D3-BF4B-00C04F79EFBC}") = "0120_es9pag115", "0120_es9pag115\0120_es9pag115.csproj", "{A2039B22-ED72-4853-A601-562AB22C5B02}"
EndProject
Global
	GlobalSection(SolutionConfigurationPlatforms) = preSolution
		Debug|Any CPU = Debug|Any CPU
		Release|Any CPU = Release|Any CPU
	EndGlobalSection
	GlobalSection(ProjectConfigurationPlatforms) = postSolution
		{A2039B22-ED72-4853-A601-562AB22C5B02}.Debug|Any CPU.ActiveCfg = Debug|Any CPU
		{A2039B22-ED72-4853-A601-562AB22C5B02}.Debug|Any CPU.Build.0 = Debug|Any CPU
		{A2039B22-ED72-4853-A601-562AB22C5B02}.Release|Any CPU.ActiveCfg = Release|Any CPU
		{A2039B22-ED72-4853-A601-562AB22C5B02}.Release|Any CPU.Build.0 = Release|Any CPU
	EndGlobalSection
	GlobalSection(SolutionProperties) = preSolution
		HideSolutionNode = FALSE
	EndGlobalSection
	GlobalSection(ExtensibilityGlobals) = postSolution
		SolutionGuid = {B4F227E9-700D-4402-B4CF-060836053442}
	EndGlobalSection
EndGlobal
