
Microsoft Visual Studio Solution File, Format Version 12.00
# Visual Studio Version 17
VisualStudioVersion = 17.7.34221.43
MinimumVisualStudioVersion = 10.0.40219.1
Project("{FAE04EC0-301F-11D3-BF4B-00C04F79EFBC}") = "010-Data", "010-Data\010-Data.csproj", "{2E4C0D9F-27D8-4016-8D65-722998E3A794}"
EndProject
Global
	GlobalSection(SolutionConfigurationPlatforms) = preSolution
		Debug|Any CPU = Debug|Any CPU
		Release|Any CPU = Release|Any CPU
	EndGlobalSection
	GlobalSection(ProjectConfigurationPlatforms) = postSolution
		{2E4C0D9F-27D8-4016-8D65-722998E3A794}.Debug|Any CPU.ActiveCfg = Debug|Any CPU
		{2E4C0D9F-27D8-4016-8D65-722998E3A794}.Debug|Any CPU.Build.0 = Debug|Any CPU
		{2E4C0D9F-27D8-4016-8D65-722998E3A794}.Release|Any CPU.ActiveCfg = Release|Any CPU
		{2E4C0D9F-27D8-4016-8D65-722998E3A794}.Release|Any CPU.Build.0 = Release|Any CPU
	EndGlobalSection
	GlobalSection(SolutionProperties) = preSolution
		HideSolutionNode = FALSE
	EndGlobalSection
	GlobalSection(ExtensibilityGlobals) = postSolution
		SolutionGuid = {66DED8A6-BB58-4B25-A9CA-46F0FEDF2373}
	EndGlobalSection
EndGlobal
