
Microsoft Visual Studio Solution File, Format Version 12.00
# Visual Studio Version 17
VisualStudioVersion = 17.14.36616.10 d17.14
MinimumVisualStudioVersion = 10.0.40219.1
Project("{FAE04EC0-301F-11D3-BF4B-00C04F79EFBC}") = "RicercaDicotomica", "RicercaDicotomica\RicercaDicotomica.csproj", "{08420D6A-F588-4F71-B39E-FB706E3394C6}"
EndProject
Global
	GlobalSection(SolutionConfigurationPlatforms) = preSolution
		Debug|Any CPU = Debug|Any CPU
		Release|Any CPU = Release|Any CPU
	EndGlobalSection
	GlobalSection(ProjectConfigurationPlatforms) = postSolution
		{08420D6A-F588-4F71-B39E-FB706E3394C6}.Debug|Any CPU.ActiveCfg = Debug|Any CPU
		{08420D6A-F588-4F71-B39E-FB706E3394C6}.Debug|Any CPU.Build.0 = Debug|Any CPU
		{08420D6A-F588-4F71-B39E-FB706E3394C6}.Release|Any CPU.ActiveCfg = Release|Any CPU
		{08420D6A-F588-4F71-B39E-FB706E3394C6}.Release|Any CPU.Build.0 = Release|Any CPU
	EndGlobalSection
	GlobalSection(SolutionProperties) = preSolution
		HideSolutionNode = FALSE
	EndGlobalSection
	GlobalSection(ExtensibilityGlobals) = postSolution
		SolutionGuid = {2D0F4096-A5FA-4B0F-BC19-FE341FC5E6D1}
	EndGlobalSection
EndGlobal
